
Microsoft Visual Studio Solution File, Format Version 12.00
# Visual Studio Version 17
VisualStudioVersion = 17.6.33712.159
MinimumVisualStudioVersion = 10.0.40219.1
Project("{8BC9CEB8-8B4A-11D0-8D11-00A0C91BC942}") = "argent", "argent.vcxproj", "{66DBEBA6-C7FC-4F0F-8F7D-0F32BCD3AE19}"
EndProject
Project("{8BC9CEB8-8B4A-11D0-8D11-00A0C91BC942}") = "NoBuildShaderProject", "NoBuildShaderProject\NoBuildShaderProject.vcxproj", "{F147A969-D018-4F23-B335-7777C40E3EA8}"
EndProject
Global
	GlobalSection(SolutionConfigurationPlatforms) = preSolution
		Debug|ARM64 = Debug|ARM64
		Debug|x64 = Debug|x64
		Debug|x86 = Debug|x86
		Release|ARM64 = Release|ARM64
		Release|x64 = Release|x64
		Release|x86 = Release|x86
	EndGlobalSection
	GlobalSection(ProjectConfigurationPlatforms) = postSolution
		{66DBEBA6-C7FC-4F0F-8F7D-0F32BCD3AE19}.Debug|ARM64.ActiveCfg = Debug|x64
		{66DBEBA6-C7FC-4F0F-8F7D-0F32BCD3AE19}.Debug|ARM64.Build.0 = Debug|x64
		{66DBEBA6-C7FC-4F0F-8F7D-0F32BCD3AE19}.Debug|x64.ActiveCfg = Debug|x64
		{66DBEBA6-C7FC-4F0F-8F7D-0F32BCD3AE19}.Debug|x64.Build.0 = Debug|x64
		{66DBEBA6-C7FC-4F0F-8F7D-0F32BCD3AE19}.Debug|x86.ActiveCfg = Debug|Win32
		{66DBEBA6-C7FC-4F0F-8F7D-0F32BCD3AE19}.Debug|x86.Build.0 = Debug|Win32
		{66DBEBA6-C7FC-4F0F-8F7D-0F32BCD3AE19}.Release|ARM64.ActiveCfg = Release|x64
		{66DBEBA6-C7FC-4F0F-8F7D-0F32BCD3AE19}.Release|ARM64.Build.0 = Release|x64
		{66DBEBA6-C7FC-4F0F-8F7D-0F32BCD3AE19}.Release|x64.ActiveCfg = Release|x64
		{66DBEBA6-C7FC-4F0F-8F7D-0F32BCD3AE19}.Release|x64.Build.0 = Release|x64
		{66DBEBA6-C7FC-4F0F-8F7D-0F32BCD3AE19}.Release|x86.ActiveCfg = Release|Win32
		{66DBEBA6-C7FC-4F0F-8F7D-0F32BCD3AE19}.Release|x86.Build.0 = Release|Win32
		{F147A969-D018-4F23-B335-7777C40E3EA8}.Debug|ARM64.ActiveCfg = Debug|x64
		{F147A969-D018-4F23-B335-7777C40E3EA8}.Debug|ARM64.Build.0 = Debug|x64
		{F147A969-D018-4F23-B335-7777C40E3EA8}.Debug|x64.ActiveCfg = Debug|x64
		{F147A969-D018-4F23-B335-7777C40E3EA8}.Debug|x86.ActiveCfg = Debug|Win32
		{F147A969-D018-4F23-B335-7777C40E3EA8}.Debug|x86.Build.0 = Debug|Win32
		{F147A969-D018-4F23-B335-7777C40E3EA8}.Release|ARM64.ActiveCfg = Release|x64
		{F147A969-D018-4F23-B335-7777C40E3EA8}.Release|ARM64.Build.0 = Release|x64
		{F147A969-D018-4F23-B335-7777C40E3EA8}.Release|x64.ActiveCfg = Release|x64
		{F147A969-D018-4F23-B335-7777C40E3EA8}.Release|x86.ActiveCfg = Release|Win32
		{F147A969-D018-4F23-B335-7777C40E3EA8}.Release|x86.Build.0 = Release|Win32
	EndGlobalSection
	GlobalSection(SolutionProperties) = preSolution
		HideSolutionNode = FALSE
	EndGlobalSection
	GlobalSection(ExtensibilityGlobals) = postSolution
		SolutionGuid = {81535698-DDD0-48A3-8C48-B01F67DE8734}
	EndGlobalSection
EndGlobal
